
Microsoft Visual Studio Solution File, Format Version 12.00
# Visual Studio Version 16
VisualStudioVersion = 16.0.30011.22
MinimumVisualStudioVersion = 10.0.40219.1
Project("{FAE04EC0-301F-11D3-BF4B-00C04F79EFBC}") = "PenghitungGiziMakanan", "PenghitungGiziMakanan.csproj", "{50D2A4BA-EE4F-4A3C-9AA9-4135C0690FEC}"
EndProject
Project("{FAE04EC0-301F-11D3-BF4B-00C04F79EFBC}") = "API PenghitungGizi", "..\API PenghitungGizi\API PenghitungGizi.csproj", "{760D6508-496C-4F49-9329-A846C35213E3}"
EndProject
Global
	GlobalSection(SolutionConfigurationPlatforms) = preSolution
		Debug|Any CPU = Debug|Any CPU
		Debug|x64 = Debug|x64
		Release|Any CPU = Release|Any CPU
		Release|x64 = Release|x64
	EndGlobalSection
	GlobalSection(ProjectConfigurationPlatforms) = postSolution
		{50D2A4BA-EE4F-4A3C-9AA9-4135C0690FEC}.Debug|Any CPU.ActiveCfg = Debug|Any CPU
		{50D2A4BA-EE4F-4A3C-9AA9-4135C0690FEC}.Debug|Any CPU.Build.0 = Debug|Any CPU
		{50D2A4BA-EE4F-4A3C-9AA9-4135C0690FEC}.Debug|x64.ActiveCfg = Debug|Any CPU
		{50D2A4BA-EE4F-4A3C-9AA9-4135C0690FEC}.Debug|x64.Build.0 = Debug|Any CPU
		{50D2A4BA-EE4F-4A3C-9AA9-4135C0690FEC}.Release|Any CPU.ActiveCfg = Release|Any CPU
		{50D2A4BA-EE4F-4A3C-9AA9-4135C0690FEC}.Release|Any CPU.Build.0 = Release|Any CPU
		{50D2A4BA-EE4F-4A3C-9AA9-4135C0690FEC}.Release|x64.ActiveCfg = Release|Any CPU
		{50D2A4BA-EE4F-4A3C-9AA9-4135C0690FEC}.Release|x64.Build.0 = Release|Any CPU
		{760D6508-496C-4F49-9329-A846C35213E3}.Debug|Any CPU.ActiveCfg = Debug|Any CPU
		{760D6508-496C-4F49-9329-A846C35213E3}.Debug|Any CPU.Build.0 = Debug|Any CPU
		{760D6508-496C-4F49-9329-A846C35213E3}.Debug|x64.ActiveCfg = Debug|Any CPU
		{760D6508-496C-4F49-9329-A846C35213E3}.Debug|x64.Build.0 = Debug|Any CPU
		{760D6508-496C-4F49-9329-A846C35213E3}.Release|Any CPU.ActiveCfg = Release|Any CPU
		{760D6508-496C-4F49-9329-A846C35213E3}.Release|Any CPU.Build.0 = Release|Any CPU
		{760D6508-496C-4F49-9329-A846C35213E3}.Release|x64.ActiveCfg = Release|Any CPU
		{760D6508-496C-4F49-9329-A846C35213E3}.Release|x64.Build.0 = Release|Any CPU
	EndGlobalSection
	GlobalSection(SolutionProperties) = preSolution
		HideSolutionNode = FALSE
	EndGlobalSection
	GlobalSection(ExtensibilityGlobals) = postSolution
		SolutionGuid = {B16591F8-575D-46B5-BB60-95FD6F225571}
	EndGlobalSection
EndGlobal
